// !$*UTF8*$!
{
	archiveVersion = 1;
	classes = {
	};
	objectVersion = 77;
	objects = {

/* Begin PBXBuildFile section */
		0223A620DF217F1CFCDE8102 /* AgentContentAreaPlaceholder.swift in Sources */ = {isa = PBXBuildFile; fileRef = 0884807E24E039654D734EA1 /* AgentContentAreaPlaceholder.swift */; };
		041965E1C5B3F1C72E37782C /* PermissionLevel.swift in Sources */ = {isa = PBXBuildFile; fileRef = 1766305DB20EE0912DB6A675 /* PermissionLevel.swift */; };
		05EE461FA4B72355668FC78F /* PHAssetMapper.swift in Sources */ = {isa = PBXBuildFile; fileRef = D83209823F8C580B875BFE83 /* PHAssetMapper.swift */; };
		08D9900260C0894105AE1EED /* PhotoAsset.swift in Sources */ = {isa = PBXBuildFile; fileRef = 27B3DD3F550BD6BE5FEC1114 /* PhotoAsset.swift */; };
		0E87C2295B8CB08A5C7FF149 /* NavigationModel.swift in Sources */ = {isa = PBXBuildFile; fileRef = A0AC104E62DF110010FCD70C /* NavigationModel.swift */; };
		1426F3D0D7306A60BEA90C00 /* CuratorUITestBase.swift in Sources */ = {isa = PBXBuildFile; fileRef = C61CBDBDD93CEC75332950A6 /* CuratorUITestBase.swift */; };
		154B560636092CAACA56069C /* LLMResponse.swift in Sources */ = {isa = PBXBuildFile; fileRef = EA556341C664E44501D76DBC /* LLMResponse.swift */; };
		157D6A2EA916256B31F50EA2 /* PhotoLibraryRepository.swift in Sources */ = {isa = PBXBuildFile; fileRef = 671140177989A061D91DF01A /* PhotoLibraryRepository.swift */; };
		21FBB781250C2846CDA8EAE7 /* LLMGatewayProtocol.swift in Sources */ = {isa = PBXBuildFile; fileRef = B92CFA563AA625C945EC49E5 /* LLMGatewayProtocol.swift */; };
		25FD02641FCB3AB07D9ACBDA /* PermissionRequestView.swift in Sources */ = {isa = PBXBuildFile; fileRef = F51DE8F3D766077D016A32EA /* PermissionRequestView.swift */; };
		28325A065E0F6FED98BA8E78 /* LLMModels.swift in Sources */ = {isa = PBXBuildFile; fileRef = 4C1E584AA2F521FE4AF378CE /* LLMModels.swift */; };
		2AD00845F3B21FE5B9E889D8 /* AppDelegate.swift in Sources */ = {isa = PBXBuildFile; fileRef = B85E5B69C6366ED2E17F648E /* AppDelegate.swift */; };
		2C3FB939716EE7D17DF3C58D /* EntitlementsTests.swift in Sources */ = {isa = PBXBuildFile; fileRef = E447259ED5F31F32748C3A45 /* EntitlementsTests.swift */; };
		2D03CE5E0DBAB8173301F098 /* PhotoPermissionManager.swift in Sources */ = {isa = PBXBuildFile; fileRef = 46DF36AD4A5E7990A4524C1A /* PhotoPermissionManager.swift */; };
		2D3993EEF32C4592B411DAC2 /* InfrastructureError.swift in Sources */ = {isa = PBXBuildFile; fileRef = C0DE9B9DD88665C81141DFE7 /* InfrastructureError.swift */; };
		370122E402F4EAF3CB8D006E /* SettingsPlaceholderView.swift in Sources */ = {isa = PBXBuildFile; fileRef = 52C24C60F6EFE6BADA95A432 /* SettingsPlaceholderView.swift */; };
		3737B73955230CF08AAD6F19 /* MainWorkspaceTests.swift in Sources */ = {isa = PBXBuildFile; fileRef = 356CA2BE2B30AE7E1728D6F0 /* MainWorkspaceTests.swift */; };
		3AC25D168B499CEA29C2F26C /* MockPhotoData.swift in Sources */ = {isa = PBXBuildFile; fileRef = 780797E17C430BBE9AD3242D /* MockPhotoData.swift */; };
		3C8E6526CE63A13F90FCE0EB /* ErrorMapping.swift in Sources */ = {isa = PBXBuildFile; fileRef = 6631D56F083C304EA9239740 /* ErrorMapping.swift */; };
		3D4415B80191086C8FCD4CF4 /* PhotoLibraryViewModel.swift in Sources */ = {isa = PBXBuildFile; fileRef = 9E3A42366353A1AF21F19045 /* PhotoLibraryViewModel.swift */; };
		409582296F95E2DC61DCE1FA /* LLMConfigTests.swift in Sources */ = {isa = PBXBuildFile; fileRef = 854F0919FC306FA88383A12A /* LLMConfigTests.swift */; };
		43392B97CDD6E33CAA0E8BB2 /* PhotoPermissionManagerTests.swift in Sources */ = {isa = PBXBuildFile; fileRef = 387B7062D41E8506B3093151 /* PhotoPermissionManagerTests.swift */; };
		435380D76A33FB12DBE6E66C /* Assets.xcassets in Resources */ = {isa = PBXBuildFile; fileRef = 213211339EC04E9439B13E6D /* Assets.xcassets */; };
		43A816CDD6B2AACB4FC460E6 /* DirectoryStructureTests.swift in Sources */ = {isa = PBXBuildFile; fileRef = BE54A0C1BF48B0985EDED35A /* DirectoryStructureTests.swift */; };
		43ECD450140FACEADDE0BCE1 /* DependencyInjectionTests.swift in Sources */ = {isa = PBXBuildFile; fileRef = 37BF6809BDC3B59DFCDCB18F /* DependencyInjectionTests.swift */; };
		44603D9D6542570C93701DB7 /* PhotoLibraryViewModelTests.swift in Sources */ = {isa = PBXBuildFile; fileRef = F80915BAB3A739CE29868B51 /* PhotoLibraryViewModelTests.swift */; };
		4602A3B7A1ACE6F1FC7ECB55 /* LLMGatewayTests.swift in Sources */ = {isa = PBXBuildFile; fileRef = DAAEA6A3456397C6EEF0C5F0 /* LLMGatewayTests.swift */; };
		4E6CB8DF677895750A4CD17B /* GridColumnCalculatorTests.swift in Sources */ = {isa = PBXBuildFile; fileRef = DAA3F16B37D3383B327866C9 /* GridColumnCalculatorTests.swift */; };
		538CCC3B8CEF09C691F340E9 /* MockPhotoLibraryRepository.swift in Sources */ = {isa = PBXBuildFile; fileRef = A78B0A299B6E0C6C66B7A8C1 /* MockPhotoLibraryRepository.swift */; };
		56227ABEBCAC0AFCD5B23FC3 /* LibraryScanView.swift in Sources */ = {isa = PBXBuildFile; fileRef = 3E2BA86685DCDEF2C30ACC1E /* LibraryScanView.swift */; };
		5B600ACA85B31EA6083F904E /* CuratorUITests.swift in Sources */ = {isa = PBXBuildFile; fileRef = E777B2C3C13E17BDCCD92C07 /* CuratorUITests.swift */; };
		63CFA0BF1D00D3CE328479AE /* OnboardingContainerView.swift in Sources */ = {isa = PBXBuildFile; fileRef = 62E9D3176EECC3AE22FF9DE6 /* OnboardingContainerView.swift */; };
		6CE6124ED71EA81078E578D3 /* LLMProvider.swift in Sources */ = {isa = PBXBuildFile; fileRef = 4896E257F543E0BC7723DF0B /* LLMProvider.swift */; };
		70AFCA9B244B5883A76AAFDD /* AppDependencies.swift in Sources */ = {isa = PBXBuildFile; fileRef = C2769F715B64143A1E2BFDD8 /* AppDependencies.swift */; };
		70FBC304F01B2FD72847839F /* OnboardingViewModel.swift in Sources */ = {isa = PBXBuildFile; fileRef = 069B25BD8D3A1F1EA4F1E2FD /* OnboardingViewModel.swift */; };
		73F400B487313FD73D991029 /* LoadableState.swift in Sources */ = {isa = PBXBuildFile; fileRef = 969B375F5774ECC69D46A6C9 /* LoadableState.swift */; };
		76E5904A66BF7B6F6E73B814 /* PhotoDetailSheet.swift in Sources */ = {isa = PBXBuildFile; fileRef = D0A685DDE3904D723189638D /* PhotoDetailSheet.swift */; };
		783F7E05281023BBD2B1964E /* UserFacingError.swift in Sources */ = {isa = PBXBuildFile; fileRef = 7D709B8893D8415EAFD20955 /* UserFacingError.swift */; };
		7ED47CF5BD06BF31958CCE2B /* ErrorTypeTests.swift in Sources */ = {isa = PBXBuildFile; fileRef = DEE63966F1DA279DD9A9E40F /* ErrorTypeTests.swift */; };
		AABB102949E2CB8B8F157A2C /* LLMConfigTests.swift in Sources */ = {isa = PBXBuildFile; fileRef = 854F0919FC306FA88383A12A /* LLMConfigTests.swift */; };
		8755F073855E03FD452E371D /* WelcomeView.swift in Sources */ = {isa = PBXBuildFile; fileRef = 39E0D131F80D74E0BEF9030A /* WelcomeView.swift */; };
		87868EC390ABD532456FD050 /* ContentView.swift in Sources */ = {isa = PBXBuildFile; fileRef = 85950E671999A2E7F918A474 /* ContentView.swift */; };
		8B550D3D9AA9B1EBCE30E637 /* LLMConfig.swift in Sources */ = {isa = PBXBuildFile; fileRef = CC1E54462C30E72F44CE19B1 /* LLMConfig.swift */; };
		91D9269EB0D13A20ABFEF9DD /* CostEstimate.swift in Sources */ = {isa = PBXBuildFile; fileRef = 530D80D424B4E9EF1571D2C9 /* CostEstimate.swift */; };
		97E389BFD83B42CA7A79CE56 /* LLMConfig.swift in Sources */ = {isa = PBXBuildFile; fileRef = CC1E54462C30E72F44CE19B1 /* LLMConfig.swift */; };
		9A5DD7CF69E99C4C6ED9EE05 /* DomainError.swift in Sources */ = {isa = PBXBuildFile; fileRef = 43537555B1BE7A6BE474BEEB /* DomainError.swift */; };
		9ED593709A0F90D3D77FF41A /* CoreModelsTests.swift in Sources */ = {isa = PBXBuildFile; fileRef = 325CF7CFA44763B4B95B8114 /* CoreModelsTests.swift */; };
		AA3DF9A01E0988DDF6EFAC85 /* SPMDependencyTests.swift in Sources */ = {isa = PBXBuildFile; fileRef = 24CB492E04997E7BBE9189A2 /* SPMDependencyTests.swift */; };
		AC552C979B1B06087463DA37 /* PhotoGridUITests.swift in Sources */ = {isa = PBXBuildFile; fileRef = 37244F4EC0332DE9BD59DDCC /* PhotoGridUITests.swift */; };
		B6073F8DB74AA5F749F722B7 /* AssetPage.swift in Sources */ = {isa = PBXBuildFile; fileRef = A07327D362CE6EB9317DDA8C /* AssetPage.swift */; };
		B7178D0AA633AF0FC65764AB /* PhotoKitRepositoryTests.swift in Sources */ = {isa = PBXBuildFile; fileRef = 42907401BEFEB2108796BADC /* PhotoKitRepositoryTests.swift */; };
		BD60076556DD688488C94A42 /* PHAssetMapperTests.swift in Sources */ = {isa = PBXBuildFile; fileRef = 1CD9C2FE4F31BBA67EAB47CA /* PHAssetMapperTests.swift */; };
		BE194D8FEFCFFFA05C1D7908 /* PrivacyExplanationView.swift in Sources */ = {isa = PBXBuildFile; fileRef = 54A5427FB3A192E7F1AC2719 /* PrivacyExplanationView.swift */; };
		C0A58C7E6BF1390C61414A23 /* LLMGateway.swift in Sources */ = {isa = PBXBuildFile; fileRef = 2B0AE80CB597C8329EA9FD71 /* LLMGateway.swift */; };
		C18852BB970D36BCF10568F7 /* MainWorkspaceUITests.swift in Sources */ = {isa = PBXBuildFile; fileRef = 5130202E82CAFA1ACC85D605 /* MainWorkspaceUITests.swift */; };
		C27221912A4CE8EDF29E84D4 /* Sparkle in Frameworks */ = {isa = PBXBuildFile; productRef = B8335BFA6303B9CD2F75C292 /* Sparkle */; };
		CC08573A92BEC523F46BA74B /* PhotoGridView.swift in Sources */ = {isa = PBXBuildFile; fileRef = 2556775FE06B3F95CCABD21B /* PhotoGridView.swift */; };
		CCB89B3CBA4FB2CDA5546CC6 /* LLMConfigView.swift in Sources */ = {isa = PBXBuildFile; fileRef = EF633D948E424ACD3BCD728B /* LLMConfigView.swift */; };
		D04C89EBB6C6E0D1404059A6 /* PermissionDeniedView.swift in Sources */ = {isa = PBXBuildFile; fileRef = 2032B80AEC09434F8F2DBBC6 /* PermissionDeniedView.swift */; };
		D48F0E02C3D35E9494F6DFB8 /* OnboardingUITests.swift in Sources */ = {isa = PBXBuildFile; fileRef = AFA119CACE070CE9CA6F2E98 /* OnboardingUITests.swift */; };
		D591930CBE417B9B2081F663 /* BuildConfigurationTests.swift in Sources */ = {isa = PBXBuildFile; fileRef = 818EA32ED130729F60A9DA41 /* BuildConfigurationTests.swift */; };
		D6ACD6969995804958855D25 /* PhotoKitRepository.swift in Sources */ = {isa = PBXBuildFile; fileRef = 77B8FF7879BCCEDC70212632 /* PhotoKitRepository.swift */; };
		D6CBC731E84BEEA764FF73E7 /* PhotoPredicate.swift in Sources */ = {isa = PBXBuildFile; fileRef = 4B5292B3111A182E1AEF0E01 /* PhotoPredicate.swift */; };
		D6DC9E646F19FB36CAAB7AA5 /* OnboardingViewModelTests.swift in Sources */ = {isa = PBXBuildFile; fileRef = 7C7871BE59794A4F5BD8368C /* OnboardingViewModelTests.swift */; };
		D8B6914133012464B2501EE4 /* GridColumnCalculator.swift in Sources */ = {isa = PBXBuildFile; fileRef = 9839B4EB421C23D5C2B28E44 /* GridColumnCalculator.swift */; };
		DD9E5A48D35D6A2901812D7D /* LoadingState.swift in Sources */ = {isa = PBXBuildFile; fileRef = E686EB31282941762F851606 /* LoadingState.swift */; };
		DDC7B2D0F9F9EE32F34C6E50 /* AnthropicProvider.swift in Sources */ = {isa = PBXBuildFile; fileRef = D7302AE8995C7AE2E1603564 /* AnthropicProvider.swift */; };
		DF01175178B2BBC2DA98D2E6 /* PhotoThumbnailView.swift in Sources */ = {isa = PBXBuildFile; fileRef = 1DA1143095739A19822E4615 /* PhotoThumbnailView.swift */; };
		E10588CFB63BC66A5F310125 /* OnboardingStep.swift in Sources */ = {isa = PBXBuildFile; fileRef = 09058295EE172EACBB2A4767 /* OnboardingStep.swift */; };
		F1A5C88CFB63BC66A5F310126 /* LLMConfigView.swift in Sources */ = {isa = PBXBuildFile; fileRef = EF633D948E424ACD3BCD728B /* LLMConfigView.swift */; };
		E47328A917FCCBF8EDCED0D8 /* CuratorApp.swift in Sources */ = {isa = PBXBuildFile; fileRef = 4ACB6C4DB6E882BC85E22597 /* CuratorApp.swift */; };
		E80BFAB3948CB1699C26988B /* LLMGatewayUITests.swift in Sources */ = {isa = PBXBuildFile; fileRef = 2B650052A53EB378952A3629 /* LLMGatewayUITests.swift */; };
		/* removed: stale LLMConfigTests in App group */
		F7C7C1C087B3BD79F5DFA2E6 /* MainWorkspaceView.swift in Sources */ = {isa = PBXBuildFile; fileRef = 15DADAB7B540165FFA824A44 /* MainWorkspaceView.swift */; };
		FA1589FDC9601BA5E6F3F45E /* AssetID.swift in Sources */ = {isa = PBXBuildFile; fileRef = B569A0482E5EF36A6D43FF0B /* AssetID.swift */; };
		FC517B7DB18C59B049A82069 /* AssetMetadata.swift in Sources */ = {isa = PBXBuildFile; fileRef = CE0018A53DA04E04B8E9F90F /* AssetMetadata.swift */; };
		FE7F63F5443EAAE3C88D3096 /* OpenAgentSDK in Frameworks */ = {isa = PBXBuildFile; productRef = B3881076E83BDB3B85432BDC /* OpenAgentSDK */; };
/* End PBXBuildFile section */

/* Begin PBXContainerItemProxy section */
		4C0A004F6D861D503954400B /* PBXContainerItemProxy */ = {
			isa = PBXContainerItemProxy;
			containerPortal = 83FBA2E622C6BDA4A68B8486 /* Project object */;
			proxyType = 1;
			remoteGlobalIDString = C85223C35CFCEAAA60E22090;
			remoteInfo = Curator;
		};
		C584014CF0CEE47CF7062214 /* PBXContainerItemProxy */ = {
			isa = PBXContainerItemProxy;
			containerPortal = 83FBA2E622C6BDA4A68B8486 /* Project object */;
			proxyType = 1;
			remoteGlobalIDString = C85223C35CFCEAAA60E22090;
			remoteInfo = Curator;
		};
/* End PBXContainerItemProxy section */

/* Begin PBXFileReference section */
		069B25BD8D3A1F1EA4F1E2FD /* OnboardingViewModel.swift */ = {isa = PBXFileReference; lastKnownFileType = sourcecode.swift; path = OnboardingViewModel.swift; sourceTree = "<group>"; };
		06C1ED70062E5F080F8E579E /* .gitkeep */ = {isa = PBXFileReference; path = .gitkeep; sourceTree = "<group>"; };
		0884807E24E039654D734EA1 /* AgentContentAreaPlaceholder.swift */ = {isa = PBXFileReference; lastKnownFileType = sourcecode.swift; path = AgentContentAreaPlaceholder.swift; sourceTree = "<group>"; };
		09058295EE172EACBB2A4767 /* OnboardingStep.swift */ = {isa = PBXFileReference; lastKnownFileType = sourcecode.swift; path = OnboardingStep.swift; sourceTree = "<group>"; };
		15DADAB7B540165FFA824A44 /* MainWorkspaceView.swift */ = {isa = PBXFileReference; lastKnownFileType = sourcecode.swift; path = MainWorkspaceView.swift; sourceTree = "<group>"; };
		1766305DB20EE0912DB6A675 /* PermissionLevel.swift */ = {isa = PBXFileReference; lastKnownFileType = sourcecode.swift; path = PermissionLevel.swift; sourceTree = "<group>"; };
		1A1557CC90613A5FCDF4D89A /* LLMConfigTests.swift */ = {isa = PBXFileReference; lastKnownFileType = sourcecode.swift; path = LLMConfigTests.swift; sourceTree = "<group>"; };
		1CD9C2FE4F31BBA67EAB47CA /* PHAssetMapperTests.swift */ = {isa = PBXFileReference; lastKnownFileType = sourcecode.swift; path = PHAssetMapperTests.swift; sourceTree = "<group>"; };
		1DA1143095739A19822E4615 /* PhotoThumbnailView.swift */ = {isa = PBXFileReference; lastKnownFileType = sourcecode.swift; path = PhotoThumbnailView.swift; sourceTree = "<group>"; };
		2032B80AEC09434F8F2DBBC6 /* PermissionDeniedView.swift */ = {isa = PBXFileReference; lastKnownFileType = sourcecode.swift; path = PermissionDeniedView.swift; sourceTree = "<group>"; };
		20686A25B749DCAF8A0B3446 /* .gitkeep */ = {isa = PBXFileReference; path = .gitkeep; sourceTree = "<group>"; };
		213211339EC04E9439B13E6D /* Assets.xcassets */ = {isa = PBXFileReference; lastKnownFileType = folder.assetcatalog; path = Assets.xcassets; sourceTree = "<group>"; };
		24CB492E04997E7BBE9189A2 /* SPMDependencyTests.swift */ = {isa = PBXFileReference; lastKnownFileType = sourcecode.swift; path = SPMDependencyTests.swift; sourceTree = "<group>"; };
		2556775FE06B3F95CCABD21B /* PhotoGridView.swift */ = {isa = PBXFileReference; lastKnownFileType = sourcecode.swift; path = PhotoGridView.swift; sourceTree = "<group>"; };
		27B3DD3F550BD6BE5FEC1114 /* PhotoAsset.swift */ = {isa = PBXFileReference; lastKnownFileType = sourcecode.swift; path = PhotoAsset.swift; sourceTree = "<group>"; };
		2B0AE80CB597C8329EA9FD71 /* LLMGateway.swift */ = {isa = PBXFileReference; lastKnownFileType = sourcecode.swift; path = LLMGateway.swift; sourceTree = "<group>"; };
		2B650052A53EB378952A3629 /* LLMGatewayUITests.swift */ = {isa = PBXFileReference; lastKnownFileType = sourcecode.swift; path = LLMGatewayUITests.swift; sourceTree = "<group>"; };
		/* removed: 2CABFB48A45EA99C5192786C */
		2F62FECF3778A97BD263396E /* Curator.entitlements */ = {isa = PBXFileReference; lastKnownFileType = text.plist.entitlements; path = Curator.entitlements; sourceTree = "<group>"; };
		325CF7CFA44763B4B95B8114 /* CoreModelsTests.swift */ = {isa = PBXFileReference; lastKnownFileType = sourcecode.swift; path = CoreModelsTests.swift; sourceTree = "<group>"; };
		356CA2BE2B30AE7E1728D6F0 /* MainWorkspaceTests.swift */ = {isa = PBXFileReference; lastKnownFileType = sourcecode.swift; path = MainWorkspaceTests.swift; sourceTree = "<group>"; };
		37244F4EC0332DE9BD59DDCC /* PhotoGridUITests.swift */ = {isa = PBXFileReference; lastKnownFileType = sourcecode.swift; path = PhotoGridUITests.swift; sourceTree = "<group>"; };
		37BF6809BDC3B59DFCDCB18F /* DependencyInjectionTests.swift */ = {isa = PBXFileReference; lastKnownFileType = sourcecode.swift; path = DependencyInjectionTests.swift; sourceTree = "<group>"; };
		387B7062D41E8506B3093151 /* PhotoPermissionManagerTests.swift */ = {isa = PBXFileReference; lastKnownFileType = sourcecode.swift; path = PhotoPermissionManagerTests.swift; sourceTree = "<group>"; };
		39E0D131F80D74E0BEF9030A /* WelcomeView.swift */ = {isa = PBXFileReference; lastKnownFileType = sourcecode.swift; path = WelcomeView.swift; sourceTree = "<group>"; };
		3E2BA86685DCDEF2C30ACC1E /* LibraryScanView.swift */ = {isa = PBXFileReference; lastKnownFileType = sourcecode.swift; path = LibraryScanView.swift; sourceTree = "<group>"; };
		3E31BCDC52CE050623EDFDE5 /* .gitkeep */ = {isa = PBXFileReference; path = .gitkeep; sourceTree = "<group>"; };
		42907401BEFEB2108796BADC /* PhotoKitRepositoryTests.swift */ = {isa = PBXFileReference; lastKnownFileType = sourcecode.swift; path = PhotoKitRepositoryTests.swift; sourceTree = "<group>"; };
		43537555B1BE7A6BE474BEEB /* DomainError.swift */ = {isa = PBXFileReference; lastKnownFileType = sourcecode.swift; path = DomainError.swift; sourceTree = "<group>"; };
		43CA1A8B0FAA5E16ADF93EC7 /* .gitkeep */ = {isa = PBXFileReference; path = .gitkeep; sourceTree = "<group>"; };
		46DF36AD4A5E7990A4524C1A /* PhotoPermissionManager.swift */ = {isa = PBXFileReference; lastKnownFileType = sourcecode.swift; path = PhotoPermissionManager.swift; sourceTree = "<group>"; };
		4896E257F543E0BC7723DF0B /* LLMProvider.swift */ = {isa = PBXFileReference; lastKnownFileType = sourcecode.swift; path = LLMProvider.swift; sourceTree = "<group>"; };
		4ACB6C4DB6E882BC85E22597 /* CuratorApp.swift */ = {isa = PBXFileReference; lastKnownFileType = sourcecode.swift; path = CuratorApp.swift; sourceTree = "<group>"; };
		4B5292B3111A182E1AEF0E01 /* PhotoPredicate.swift */ = {isa = PBXFileReference; lastKnownFileType = sourcecode.swift; path = PhotoPredicate.swift; sourceTree = "<group>"; };
		4C1E584AA2F521FE4AF378CE /* LLMModels.swift */ = {isa = PBXFileReference; lastKnownFileType = sourcecode.swift; path = LLMModels.swift; sourceTree = "<group>"; };
		5130202E82CAFA1ACC85D605 /* MainWorkspaceUITests.swift */ = {isa = PBXFileReference; lastKnownFileType = sourcecode.swift; path = MainWorkspaceUITests.swift; sourceTree = "<group>"; };
		52C24C60F6EFE6BADA95A432 /* SettingsPlaceholderView.swift */ = {isa = PBXFileReference; lastKnownFileType = sourcecode.swift; path = SettingsPlaceholderView.swift; sourceTree = "<group>"; };
		530D80D424B4E9EF1571D2C9 /* CostEstimate.swift */ = {isa = PBXFileReference; lastKnownFileType = sourcecode.swift; path = CostEstimate.swift; sourceTree = "<group>"; };
		54A5427FB3A192E7F1AC2719 /* PrivacyExplanationView.swift */ = {isa = PBXFileReference; lastKnownFileType = sourcecode.swift; path = PrivacyExplanationView.swift; sourceTree = "<group>"; };
		62E9D3176EECC3AE22FF9DE6 /* OnboardingContainerView.swift */ = {isa = PBXFileReference; lastKnownFileType = sourcecode.swift; path = OnboardingContainerView.swift; sourceTree = "<group>"; };
		6631D56F083C304EA9239740 /* ErrorMapping.swift */ = {isa = PBXFileReference; lastKnownFileType = sourcecode.swift; path = ErrorMapping.swift; sourceTree = "<group>"; };
		671140177989A061D91DF01A /* PhotoLibraryRepository.swift */ = {isa = PBXFileReference; lastKnownFileType = sourcecode.swift; path = PhotoLibraryRepository.swift; sourceTree = "<group>"; };
		6D443ECDDBF46DCFD9FEADED /* Info.plist */ = {isa = PBXFileReference; lastKnownFileType = text.plist; path = Info.plist; sourceTree = "<group>"; };
		77B8FF7879BCCEDC70212632 /* PhotoKitRepository.swift */ = {isa = PBXFileReference; lastKnownFileType = sourcecode.swift; path = PhotoKitRepository.swift; sourceTree = "<group>"; };
		780797E17C430BBE9AD3242D /* MockPhotoData.swift */ = {isa = PBXFileReference; lastKnownFileType = sourcecode.swift; path = MockPhotoData.swift; sourceTree = "<group>"; };
		7B2B3BDD6C16C1C218FE7A59 /* .gitkeep */ = {isa = PBXFileReference; path = .gitkeep; sourceTree = "<group>"; };
		7B357E361A7EA88876240827 /* .gitkeep */ = {isa = PBXFileReference; path = .gitkeep; sourceTree = "<group>"; };
		7C7871BE59794A4F5BD8368C /* OnboardingViewModelTests.swift */ = {isa = PBXFileReference; lastKnownFileType = sourcecode.swift; path = OnboardingViewModelTests.swift; sourceTree = "<group>"; };
		7D709B8893D8415EAFD20955 /* UserFacingError.swift */ = {isa = PBXFileReference; lastKnownFileType = sourcecode.swift; path = UserFacingError.swift; sourceTree = "<group>"; };
		818EA32ED130729F60A9DA41 /* BuildConfigurationTests.swift */ = {isa = PBXFileReference; lastKnownFileType = sourcecode.swift; path = BuildConfigurationTests.swift; sourceTree = "<group>"; };
		854F0919FC306FA88383A12A /* LLMConfigTests.swift */ = {isa = PBXFileReference; lastKnownFileType = sourcecode.swift; path = LLMConfigTests.swift; sourceTree = "<group>"; };
		85950E671999A2E7F918A474 /* ContentView.swift */ = {isa = PBXFileReference; lastKnownFileType = sourcecode.swift; path = ContentView.swift; sourceTree = "<group>"; };
		89FC693AA6CE3157F5980B0A /* .gitkeep */ = {isa = PBXFileReference; path = .gitkeep; sourceTree = "<group>"; };
		93DE118FE8EF8A32D0B49BC2 /* CuratorTests.xctest */ = {isa = PBXFileReference; explicitFileType = wrapper.cfbundle; includeInIndex = 0; path = CuratorTests.xctest; sourceTree = BUILT_PRODUCTS_DIR; };
		969B375F5774ECC69D46A6C9 /* LoadableState.swift */ = {isa = PBXFileReference; lastKnownFileType = sourcecode.swift; path = LoadableState.swift; sourceTree = "<group>"; };
		9839B4EB421C23D5C2B28E44 /* GridColumnCalculator.swift */ = {isa = PBXFileReference; lastKnownFileType = sourcecode.swift; path = GridColumnCalculator.swift; sourceTree = "<group>"; };
		9CD4208BF24B6E2BEC69C1FC /* .gitkeep */ = {isa = PBXFileReference; path = .gitkeep; sourceTree = "<group>"; };
		9E3A42366353A1AF21F19045 /* PhotoLibraryViewModel.swift */ = {isa = PBXFileReference; lastKnownFileType = sourcecode.swift; path = PhotoLibraryViewModel.swift; sourceTree = "<group>"; };
		A0196D25CE77437CB439FF86 /* Curator.app */ = {isa = PBXFileReference; explicitFileType = wrapper.application; includeInIndex = 0; path = Curator.app; sourceTree = BUILT_PRODUCTS_DIR; };
		A07327D362CE6EB9317DDA8C /* AssetPage.swift */ = {isa = PBXFileReference; lastKnownFileType = sourcecode.swift; path = AssetPage.swift; sourceTree = "<group>"; };
		A0AC104E62DF110010FCD70C /* NavigationModel.swift */ = {isa = PBXFileReference; lastKnownFileType = sourcecode.swift; path = NavigationModel.swift; sourceTree = "<group>"; };
		A78B0A299B6E0C6C66B7A8C1 /* MockPhotoLibraryRepository.swift */ = {isa = PBXFileReference; lastKnownFileType = sourcecode.swift; path = MockPhotoLibraryRepository.swift; sourceTree = "<group>"; };
		AFA119CACE070CE9CA6F2E98 /* OnboardingUITests.swift */ = {isa = PBXFileReference; lastKnownFileType = sourcecode.swift; path = OnboardingUITests.swift; sourceTree = "<group>"; };
		B569A0482E5EF36A6D43FF0B /* AssetID.swift */ = {isa = PBXFileReference; lastKnownFileType = sourcecode.swift; path = AssetID.swift; sourceTree = "<group>"; };
		B628EFDDEFDECED67F51DAD9 /* .gitkeep */ = {isa = PBXFileReference; path = .gitkeep; sourceTree = "<group>"; };
		B85E5B69C6366ED2E17F648E /* AppDelegate.swift */ = {isa = PBXFileReference; lastKnownFileType = sourcecode.swift; path = AppDelegate.swift; sourceTree = "<group>"; };
		B92CFA563AA625C945EC49E5 /* LLMGatewayProtocol.swift */ = {isa = PBXFileReference; lastKnownFileType = sourcecode.swift; path = LLMGatewayProtocol.swift; sourceTree = "<group>"; };
		BE54A0C1BF48B0985EDED35A /* DirectoryStructureTests.swift */ = {isa = PBXFileReference; lastKnownFileType = sourcecode.swift; path = DirectoryStructureTests.swift; sourceTree = "<group>"; };
		C0DE9B9DD88665C81141DFE7 /* InfrastructureError.swift */ = {isa = PBXFileReference; lastKnownFileType = sourcecode.swift; path = InfrastructureError.swift; sourceTree = "<group>"; };
		C1A8558AE7786F879AAB35A7 /* .gitkeep */ = {isa = PBXFileReference; path = .gitkeep; sourceTree = "<group>"; };
		C2769F715B64143A1E2BFDD8 /* AppDependencies.swift */ = {isa = PBXFileReference; lastKnownFileType = sourcecode.swift; path = AppDependencies.swift; sourceTree = "<group>"; };
		C61CBDBDD93CEC75332950A6 /* CuratorUITestBase.swift */ = {isa = PBXFileReference; lastKnownFileType = sourcecode.swift; path = CuratorUITestBase.swift; sourceTree = "<group>"; };
		C9B44AB8CFE014C8FA60CD83 /* CuratorTestsHost.entitlements */ = {isa = PBXFileReference; lastKnownFileType = text.plist.entitlements; path = CuratorTestsHost.entitlements; sourceTree = "<group>"; };
		CA95A11DD78E91E3DA16AC50 /* CuratorUITests.xctest */ = {isa = PBXFileReference; explicitFileType = wrapper.cfbundle; includeInIndex = 0; path = CuratorUITests.xctest; sourceTree = BUILT_PRODUCTS_DIR; };
		CC1E54462C30E72F44CE19B1 /* LLMConfig.swift */ = {isa = PBXFileReference; lastKnownFileType = sourcecode.swift; path = LLMConfig.swift; sourceTree = "<group>"; };
		CE0018A53DA04E04B8E9F90F /* AssetMetadata.swift */ = {isa = PBXFileReference; lastKnownFileType = sourcecode.swift; path = AssetMetadata.swift; sourceTree = "<group>"; };
		D0A685DDE3904D723189638D /* PhotoDetailSheet.swift */ = {isa = PBXFileReference; lastKnownFileType = sourcecode.swift; path = PhotoDetailSheet.swift; sourceTree = "<group>"; };
		D7302AE8995C7AE2E1603564 /* AnthropicProvider.swift */ = {isa = PBXFileReference; lastKnownFileType = sourcecode.swift; path = AnthropicProvider.swift; sourceTree = "<group>"; };
		D83209823F8C580B875BFE83 /* PHAssetMapper.swift */ = {isa = PBXFileReference; lastKnownFileType = sourcecode.swift; path = PHAssetMapper.swift; sourceTree = "<group>"; };
		DAA3F16B37D3383B327866C9 /* GridColumnCalculatorTests.swift */ = {isa = PBXFileReference; lastKnownFileType = sourcecode.swift; path = GridColumnCalculatorTests.swift; sourceTree = "<group>"; };
		DAAEA6A3456397C6EEF0C5F0 /* LLMGatewayTests.swift */ = {isa = PBXFileReference; lastKnownFileType = sourcecode.swift; path = LLMGatewayTests.swift; sourceTree = "<group>"; };
		DB7D4803F49D77059308529C /* .gitkeep */ = {isa = PBXFileReference; path = .gitkeep; sourceTree = "<group>"; };
		DEE63966F1DA279DD9A9E40F /* ErrorTypeTests.swift */ = {isa = PBXFileReference; lastKnownFileType = sourcecode.swift; path = ErrorTypeTests.swift; sourceTree = "<group>"; };
		E447259ED5F31F32748C3A45 /* EntitlementsTests.swift */ = {isa = PBXFileReference; lastKnownFileType = sourcecode.swift; path = EntitlementsTests.swift; sourceTree = "<group>"; };
		E686EB31282941762F851606 /* LoadingState.swift */ = {isa = PBXFileReference; lastKnownFileType = sourcecode.swift; path = LoadingState.swift; sourceTree = "<group>"; };
		E777B2C3C13E17BDCCD92C07 /* CuratorUITests.swift */ = {isa = PBXFileReference; lastKnownFileType = sourcecode.swift; path = CuratorUITests.swift; sourceTree = "<group>"; };
		EA556341C664E44501D76DBC /* LLMResponse.swift */ = {isa = PBXFileReference; lastKnownFileType = sourcecode.swift; path = LLMResponse.swift; sourceTree = "<group>"; };
		DD69A1A2911A052303BD2DA0 /* LLMConfigTests.swift */ = {isa = PBXFileReference; lastKnownFileType = sourcecode.swift; path = LLMConfigTests.swift; sourceTree = "<group>"; };
		EEE18828FAA90C9E8FF5638C /* .gitkeep */ = {isa = PBXFileReference; path = .gitkeep; sourceTree = "<group>"; };
		EF633D948E424ACD3BCD728B /* LLMConfigView.swift */ = {isa = PBXFileReference; lastKnownFileType = sourcecode.swift; path = LLMConfigView.swift; sourceTree = "<group>"; };
		F51DE8F3D766077D016A32EA /* PermissionRequestView.swift */ = {isa = PBXFileReference; lastKnownFileType = sourcecode.swift; path = PermissionRequestView.swift; sourceTree = "<group>"; };
		F80915BAB3A739CE29868B51 /* PhotoLibraryViewModelTests.swift */ = {isa = PBXFileReference; lastKnownFileType = sourcecode.swift; path = PhotoLibraryViewModelTests.swift; sourceTree = "<group>"; };
/* End PBXFileReference section */

/* Begin PBXFrameworksBuildPhase section */
		E463CCB9C6C669F64C762760 /* Frameworks */ = {
			isa = PBXFrameworksBuildPhase;
			buildActionMask = 2147483647;
			files = (
				FE7F63F5443EAAE3C88D3096 /* OpenAgentSDK in Frameworks */,
				C27221912A4CE8EDF29E84D4 /* Sparkle in Frameworks */,
			);
			runOnlyForDeploymentPostprocessing = 0;
		};
/* End PBXFrameworksBuildPhase section */

/* Begin PBXGroup section */
		091605DB38C2B2FD247D76F1 /* Products */ = {
			isa = PBXGroup;
			children = (
				A0196D25CE77437CB439FF86 /* Curator.app */,
				93DE118FE8EF8A32D0B49BC2 /* CuratorTests.xctest */,
				CA95A11DD78E91E3DA16AC50 /* CuratorUITests.xctest */,
			);
			name = Products;
			sourceTree = "<group>";
		};
		0C7E300434150EDED5E2AD0B = {
			isa = PBXGroup;
			children = (
				CBDC019498E7CA6881B89FC0 /* Curator */,
				A357981E085B033B628F9DF0 /* CuratorTests */,
				64B6C9BCFC7FD018D342153F /* CuratorUITests */,
				091605DB38C2B2FD247D76F1 /* Products */,
			);
			sourceTree = "<group>";
		};
		1215AEB38E283454851D18B4 /* PhotoLibrary */ = {
			isa = PBXGroup;
			children = (
				DAA3F16B37D3383B327866C9 /* GridColumnCalculatorTests.swift */,
				F80915BAB3A739CE29868B51 /* PhotoLibraryViewModelTests.swift */,
			);
			path = PhotoLibrary;
			sourceTree = "<group>";
		};
		1357E29CC073FB31663E7318 /* Errors */ = {
			isa = PBXGroup;
			children = (
				DEE63966F1DA279DD9A9E40F /* ErrorTypeTests.swift */,
			);
			path = Errors;
			sourceTree = "<group>";
		};
		143ED4120233188D7E88DCDF /* SDKTools */ = {
			isa = PBXGroup;
			children = (
				89FC693AA6CE3157F5980B0A /* .gitkeep */,
			);
			path = SDKTools;
			sourceTree = "<group>";
		};
		20171C85D7A558B614F5855B /* LLM */ = {
			isa = PBXGroup;
			children = (
				DAAEA6A3456397C6EEF0C5F0 /* LLMGatewayTests.swift */,
			);
			path = LLM;
			sourceTree = "<group>";
		};
		2863F35B690A0FF2509AF511 /* Errors */ = {
			isa = PBXGroup;
			children = (
				43537555B1BE7A6BE474BEEB /* DomainError.swift */,
				6631D56F083C304EA9239740 /* ErrorMapping.swift */,
				C0DE9B9DD88665C81141DFE7 /* InfrastructureError.swift */,
				1766305DB20EE0912DB6A675 /* PermissionLevel.swift */,
				7D709B8893D8415EAFD20955 /* UserFacingError.swift */,
			);
			path = Errors;
			sourceTree = "<group>";
		};
		3587DEC2A61BFA5269500F19 /* Core */ = {
			isa = PBXGroup;
			children = (
				1357E29CC073FB31663E7318 /* Errors */,
				CC3929FECB70DDBF35514407 /* Models */,
			);
			path = Core;
			sourceTree = "<group>";
		};
		3B4D941ADE56A1A8C166C6C3 /* Operations */ = {
			isa = PBXGroup;
			children = (
				EEE18828FAA90C9E8FF5638C /* .gitkeep */,
			);
			path = Operations;
			sourceTree = "<group>";
		};
		471CEE27CAADC44D81246116 /* App */ = {
			isa = PBXGroup;
			children = (
				7B2B3BDD6C16C1C218FE7A59 /* .gitkeep */,
				B85E5B69C6366ED2E17F648E /* AppDelegate.swift */,
				C2769F715B64143A1E2BFDD8 /* AppDependencies.swift */,
				A0AC104E62DF110010FCD70C /* NavigationModel.swift */,
			);
			path = App;
			sourceTree = "<group>";
		};
		48011CBE4C0D7C4BFF6ED0E7 /* Analysis */ = {
			isa = PBXGroup;
			children = (
				3E31BCDC52CE050623EDFDE5 /* .gitkeep */,
			);
			path = Analysis;
			sourceTree = "<group>";
		};
		54D138A4B8CE94CE155A1A38 /* Storage */ = {
			isa = PBXGroup;
			children = (
			);
			path = Storage;
			sourceTree = "<group>";
		};
		553A47AFEDC9A441CD8352B6 /* MainWorkspace */ = {
			isa = PBXGroup;
			children = (
				356CA2BE2B30AE7E1728D6F0 /* MainWorkspaceTests.swift */,
			);
			path = MainWorkspace;
			sourceTree = "<group>";
		};
		5C387EE00FD5DD4FFEBC1ABB /* Features */ = {
			isa = PBXGroup;
			children = (
				FF1B1FFFF632BCD62A93BED5 /* MainWorkspace */,
				80044DA6B702A8080AD33467 /* Onboarding */,
				64E412B1F5EC2F8EE979A497 /* PhotoLibrary */,
				7B1DA801CDD83EB36AFC506C /* Settings */,
				DB7D4803F49D77059308529C /* .gitkeep */,
			);
			path = Features;
			sourceTree = "<group>";
		};
		64B6C9BCFC7FD018D342153F /* CuratorUITests */ = {
			isa = PBXGroup;
			children = (
				43CA1A8B0FAA5E16ADF93EC7 /* .gitkeep */,
				C61CBDBDD93CEC75332950A6 /* CuratorUITestBase.swift */,
				E777B2C3C13E17BDCCD92C07 /* CuratorUITests.swift */,
				2B650052A53EB378952A3629 /* LLMGatewayUITests.swift */,
				5130202E82CAFA1ACC85D605 /* MainWorkspaceUITests.swift */,
				AFA119CACE070CE9CA6F2E98 /* OnboardingUITests.swift */,
				37244F4EC0332DE9BD59DDCC /* PhotoGridUITests.swift */,
			);
			path = CuratorUITests;
			sourceTree = "<group>";
		};
		64E412B1F5EC2F8EE979A497 /* PhotoLibrary */ = {
			isa = PBXGroup;
			children = (
				9839B4EB421C23D5C2B28E44 /* GridColumnCalculator.swift */,
				D0A685DDE3904D723189638D /* PhotoDetailSheet.swift */,
				2556775FE06B3F95CCABD21B /* PhotoGridView.swift */,
				9E3A42366353A1AF21F19045 /* PhotoLibraryViewModel.swift */,
				1DA1143095739A19822E4615 /* PhotoThumbnailView.swift */,
			);
			path = PhotoLibrary;
			sourceTree = "<group>";
		};
		6A471B4BB2B44400E99A6482 /* Update */ = {
			isa = PBXGroup;
			children = (
				20686A25B749DCAF8A0B3446 /* .gitkeep */,
			);
			path = Update;
			sourceTree = "<group>";
		};
		6BDB1319C241F9E061B960D3 /* Storage */ = {
			isa = PBXGroup;
			children = (
				06C1ED70062E5F080F8E579E /* .gitkeep */,
			);
			path = Storage;
			sourceTree = "<group>";
		};
		6F6485B797DCAAD32316D00B /* Onboarding */ = {
			isa = PBXGroup;
			children = (
				7C7871BE59794A4F5BD8368C /* OnboardingViewModelTests.swift */,
			);
			path = Onboarding;
			sourceTree = "<group>";
		};
		7A6DCCE44D9366F666670132 /* Models */ = {
			isa = PBXGroup;
			children = (
				B569A0482E5EF36A6D43FF0B /* AssetID.swift */,
				CE0018A53DA04E04B8E9F90F /* AssetMetadata.swift */,
				A07327D362CE6EB9317DDA8C /* AssetPage.swift */,
				530D80D424B4E9EF1571D2C9 /* CostEstimate.swift */,
				CC1E54462C30E72F44CE19B1 /* LLMConfig.swift */,
				B92CFA563AA625C945EC49E5 /* LLMGatewayProtocol.swift */,
				4896E257F543E0BC7723DF0B /* LLMProvider.swift */,
				EA556341C664E44501D76DBC /* LLMResponse.swift */,
				E686EB31282941762F851606 /* LoadingState.swift */,
				27B3DD3F550BD6BE5FEC1114 /* PhotoAsset.swift */,
				671140177989A061D91DF01A /* PhotoLibraryRepository.swift */,
				4B5292B3111A182E1AEF0E01 /* PhotoPredicate.swift */,
			);
			path = Models;
			sourceTree = "<group>";
		};
		7B1DA801CDD83EB36AFC506C /* Settings */ = {
			isa = PBXGroup;
			children = (
				52C24C60F6EFE6BADA95A432 /* SettingsPlaceholderView.swift */,
			);
			path = Settings;
			sourceTree = "<group>";
		};
		7C0577848C76AD9E2BC4630B /* PhotoKit */ = {
			isa = PBXGroup;
			children = (
				B628EFDDEFDECED67F51DAD9 /* .gitkeep */,
				D83209823F8C580B875BFE83 /* PHAssetMapper.swift */,
				77B8FF7879BCCEDC70212632 /* PhotoKitRepository.swift */,
				46DF36AD4A5E7990A4524C1A /* PhotoPermissionManager.swift */,
			);
			path = PhotoKit;
			sourceTree = "<group>";
		};
		80044DA6B702A8080AD33467 /* Onboarding */ = {
			isa = PBXGroup;
			children = (
				3E2BA86685DCDEF2C30ACC1E /* LibraryScanView.swift */,
				EF633D948E424ACD3BCD728B /* LLMConfigView.swift */,
				62E9D3176EECC3AE22FF9DE6 /* OnboardingContainerView.swift */,
				09058295EE172EACBB2A4767 /* OnboardingStep.swift */,
				069B25BD8D3A1F1EA4F1E2FD /* OnboardingViewModel.swift */,
				2032B80AEC09434F8F2DBBC6 /* PermissionDeniedView.swift */,
				F51DE8F3D766077D016A32EA /* PermissionRequestView.swift */,
				54A5427FB3A192E7F1AC2719 /* PrivacyExplanationView.swift */,
				39E0D131F80D74E0BEF9030A /* WelcomeView.swift */,
			);
			path = Onboarding;
			sourceTree = "<group>";
		};
		824868120BDC596560BA7D0F /* Features */ = {
			isa = PBXGroup;
			children = (
				553A47AFEDC9A441CD8352B6 /* MainWorkspace */,
				6F6485B797DCAAD32316D00B /* Onboarding */,
				1215AEB38E283454851D18B4 /* PhotoLibrary */,
			);
			path = Features;
			sourceTree = "<group>";
		};
		90B216C7261A24B2AC9C1414 /* Infrastructure */ = {
			isa = PBXGroup;
			children = (
				20171C85D7A558B614F5855B /* LLM */,
				D2E5AD207F7808D2ECB83420 /* PhotoKit */,
				54D138A4B8CE94CE155A1A38 /* Storage */,
			);
			path = Infrastructure;
			sourceTree = "<group>";
		};
		9B29F5126437EC38528930C4 /* Extensions */ = {
			isa = PBXGroup;
			children = (
				9CD4208BF24B6E2BEC69C1FC /* .gitkeep */,
				969B375F5774ECC69D46A6C9 /* LoadableState.swift */,
			);
			path = Extensions;
			sourceTree = "<group>";
		};
		A357981E085B033B628F9DF0 /* CuratorTests */ = {
			isa = PBXGroup;
			children = (
				E42144022C9504C986A5169A /* App */,
				3587DEC2A61BFA5269500F19 /* Core */,
				824868120BDC596560BA7D0F /* Features */,
				90B216C7261A24B2AC9C1414 /* Infrastructure */,
				818EA32ED130729F60A9DA41 /* BuildConfigurationTests.swift */,
				37BF6809BDC3B59DFCDCB18F /* DependencyInjectionTests.swift */,
				BE54A0C1BF48B0985EDED35A /* DirectoryStructureTests.swift */,
				E447259ED5F31F32748C3A45 /* EntitlementsTests.swift */,
				24CB492E04997E7BBE9189A2 /* SPMDependencyTests.swift */,
			);
			path = CuratorTests;
			sourceTree = "<group>";
		};
		B96DFB7DB4A00D8C22B4BAEF /* LLM */ = {
			isa = PBXGroup;
			children = (
				C1A8558AE7786F879AAB35A7 /* .gitkeep */,
				D7302AE8995C7AE2E1603564 /* AnthropicProvider.swift */,
				2B0AE80CB597C8329EA9FD71 /* LLMGateway.swift */,
				4C1E584AA2F521FE4AF378CE /* LLMModels.swift */,
			);
			path = LLM;
			sourceTree = "<group>";
		};
		C8E9EC71722C9AECB9D4023D /* Mock */ = {
			isa = PBXGroup;
			children = (
				780797E17C430BBE9AD3242D /* MockPhotoData.swift */,
				A78B0A299B6E0C6C66B7A8C1 /* MockPhotoLibraryRepository.swift */,
			);
			path = Mock;
			sourceTree = "<group>";
		};
		CBDC019498E7CA6881B89FC0 /* Curator */ = {
			isa = PBXGroup;
			children = (
				471CEE27CAADC44D81246116 /* App */,
				F3D1CF7DC4A694719B61E583 /* Core */,
				5C387EE00FD5DD4FFEBC1ABB /* Features */,
				F068E1E43C665A9BF2C3EFE4 /* Infrastructure */,
				F8A3EB29DC4FFA4F318EF2EB /* Resources */,
				85950E671999A2E7F918A474 /* ContentView.swift */,
				2F62FECF3778A97BD263396E /* Curator.entitlements */,
				4ACB6C4DB6E882BC85E22597 /* CuratorApp.swift */,
				C9B44AB8CFE014C8FA60CD83 /* CuratorTestsHost.entitlements */,
				6D443ECDDBF46DCFD9FEADED /* Info.plist */,
			);
			path = Curator;
			sourceTree = "<group>";
		};
		CC3929FECB70DDBF35514407 /* Models */ = {
			isa = PBXGroup;
			children = (
				325CF7CFA44763B4B95B8114 /* CoreModelsTests.swift */,
				854F0919FC306FA88383A12A /* LLMConfigTests.swift */,
			);
			path = Models;
			sourceTree = "<group>";
		};
		D2E5AD207F7808D2ECB83420 /* PhotoKit */ = {
			isa = PBXGroup;
			children = (
				1CD9C2FE4F31BBA67EAB47CA /* PHAssetMapperTests.swift */,
				42907401BEFEB2108796BADC /* PhotoKitRepositoryTests.swift */,
				387B7062D41E8506B3093151 /* PhotoPermissionManagerTests.swift */,
			);
			path = PhotoKit;
			sourceTree = "<group>";
		};
		E42144022C9504C986A5169A /* App */ = {
			isa = PBXGroup;
			children = (
			);
			path = App;
			sourceTree = "<group>";
		};
		E4C4E859F9CE524E0E241B9C /* Agent */ = {
			isa = PBXGroup;
			children = (
				7B357E361A7EA88876240827 /* .gitkeep */,
			);
			path = Agent;
			sourceTree = "<group>";
		};
		F068E1E43C665A9BF2C3EFE4 /* Infrastructure */ = {
			isa = PBXGroup;
			children = (
				48011CBE4C0D7C4BFF6ED0E7 /* Analysis */,
				B96DFB7DB4A00D8C22B4BAEF /* LLM */,
				C8E9EC71722C9AECB9D4023D /* Mock */,
				7C0577848C76AD9E2BC4630B /* PhotoKit */,
				143ED4120233188D7E88DCDF /* SDKTools */,
				6BDB1319C241F9E061B960D3 /* Storage */,
				6A471B4BB2B44400E99A6482 /* Update */,
			);
			path = Infrastructure;
			sourceTree = "<group>";
		};
		F3D1CF7DC4A694719B61E583 /* Core */ = {
			isa = PBXGroup;
			children = (
				E4C4E859F9CE524E0E241B9C /* Agent */,
				2863F35B690A0FF2509AF511 /* Errors */,
				9B29F5126437EC38528930C4 /* Extensions */,
				7A6DCCE44D9366F666670132 /* Models */,
				3B4D941ADE56A1A8C166C6C3 /* Operations */,
			);
			path = Core;
			sourceTree = "<group>";
		};
		F8A3EB29DC4FFA4F318EF2EB /* Resources */ = {
			isa = PBXGroup;
			children = (
				213211339EC04E9439B13E6D /* Assets.xcassets */,
			);
			path = Resources;
			sourceTree = "<group>";
		};
		FF1B1FFFF632BCD62A93BED5 /* MainWorkspace */ = {
			isa = PBXGroup;
			children = (
				0884807E24E039654D734EA1 /* AgentContentAreaPlaceholder.swift */,
				15DADAB7B540165FFA824A44 /* MainWorkspaceView.swift */,
			);
			path = MainWorkspace;
			sourceTree = "<group>";
		};
/* End PBXGroup section */

/* Begin PBXNativeTarget section */
		198641E80F0161385A2BB3D5 /* CuratorUITests */ = {
			isa = PBXNativeTarget;
			buildConfigurationList = ECAA940C99500ACF81950CCF /* Build configuration list for PBXNativeTarget "CuratorUITests" */;
			buildPhases = (
				693B91FACEDA27FA450FA4A4 /* Sources */,
			);
			buildRules = (
			);
			dependencies = (
				6B05C585DFB8D4319ADCE512 /* PBXTargetDependency */,
			);
			name = CuratorUITests;
			packageProductDependencies = (
			);
			productName = CuratorUITests;
			productReference = CA95A11DD78E91E3DA16AC50 /* CuratorUITests.xctest */;
			productType = "com.apple.product-type.bundle.ui-testing";
		};
		C85223C35CFCEAAA60E22090 /* Curator */ = {
			isa = PBXNativeTarget;
			buildConfigurationList = D6770D495F2BD757020E57CF /* Build configuration list for PBXNativeTarget "Curator" */;
			buildPhases = (
				99960D2BB661224A23345F13 /* Sources */,
				4D7BB2B18D1E33FBB9B3BD8D /* Resources */,
				E463CCB9C6C669F64C762760 /* Frameworks */,
			);
			buildRules = (
			);
			dependencies = (
			);
			name = Curator;
			packageProductDependencies = (
				B3881076E83BDB3B85432BDC /* OpenAgentSDK */,
				B8335BFA6303B9CD2F75C292 /* Sparkle */,
			);
			productName = Curator;
			productReference = A0196D25CE77437CB439FF86 /* Curator.app */;
			productType = "com.apple.product-type.application";
		};
		EB229EDF3D4211BD78E436DF /* CuratorTests */ = {
			isa = PBXNativeTarget;
			buildConfigurationList = ED1A4C7E41BAE827EBB4AB1E /* Build configuration list for PBXNativeTarget "CuratorTests" */;
			buildPhases = (
				9A6316AD95E303D60B6D171D /* Sources */,
			);
			buildRules = (
			);
			dependencies = (
				FF5556C573625CA873EC56B8 /* PBXTargetDependency */,
			);
			name = CuratorTests;
			packageProductDependencies = (
			);
			productName = CuratorTests;
			productReference = 93DE118FE8EF8A32D0B49BC2 /* CuratorTests.xctest */;
			productType = "com.apple.product-type.bundle.unit-test";
		};
/* End PBXNativeTarget section */

/* Begin PBXProject section */
		83FBA2E622C6BDA4A68B8486 /* Project object */ = {
			isa = PBXProject;
			attributes = {
				BuildIndependentTargetsInParallel = YES;
				LastUpgradeCheck = 1600;
				TargetAttributes = {
					198641E80F0161385A2BB3D5 = {
						TestTargetID = C85223C35CFCEAAA60E22090;
					};
				};
			};
			buildConfigurationList = 7E5F8E9ADB8970C96C90C500 /* Build configuration list for PBXProject "Curator" */;
			compatibilityVersion = "Xcode 14.0";
			developmentRegion = en;
			hasScannedForEncodings = 0;
			knownRegions = (
				Base,
				en,
			);
			mainGroup = 0C7E300434150EDED5E2AD0B;
			minimizedProjectReferenceProxies = 1;
			packageReferences = (
				E967754AC4D6BA00C50C2447 /* XCRemoteSwiftPackageReference "open-agent-sdk-swift" */,
				276F3F08C6ADC65D4AB5DDEA /* XCRemoteSwiftPackageReference "Sparkle" */,
			);
			preferredProjectObjectVersion = 77;
			projectDirPath = "";
			projectRoot = "";
			targets = (
				C85223C35CFCEAAA60E22090 /* Curator */,
				EB229EDF3D4211BD78E436DF /* CuratorTests */,
				198641E80F0161385A2BB3D5 /* CuratorUITests */,
			);
		};
/* End PBXProject section */

/* Begin PBXResourcesBuildPhase section */
		4D7BB2B18D1E33FBB9B3BD8D /* Resources */ = {
			isa = PBXResourcesBuildPhase;
			buildActionMask = 2147483647;
			files = (
				435380D76A33FB12DBE6E66C /* Assets.xcassets in Resources */,
			);
			runOnlyForDeploymentPostprocessing = 0;
		};
/* End PBXResourcesBuildPhase section */

/* Begin PBXSourcesBuildPhase section */
		693B91FACEDA27FA450FA4A4 /* Sources */ = {
			isa = PBXSourcesBuildPhase;
			buildActionMask = 2147483647;
			files = (
				1426F3D0D7306A60BEA90C00 /* CuratorUITestBase.swift in Sources */,
				5B600ACA85B31EA6083F904E /* CuratorUITests.swift in Sources */,
				E80BFAB3948CB1699C26988B /* LLMGatewayUITests.swift in Sources */,
				C18852BB970D36BCF10568F7 /* MainWorkspaceUITests.swift in Sources */,
				D48F0E02C3D35E9494F6DFB8 /* OnboardingUITests.swift in Sources */,
				AC552C979B1B06087463DA37 /* PhotoGridUITests.swift in Sources */,
			);
			runOnlyForDeploymentPostprocessing = 0;
		};
		99960D2BB661224A23345F13 /* Sources */ = {
			isa = PBXSourcesBuildPhase;
			buildActionMask = 2147483647;
			files = (
				0223A620DF217F1CFCDE8102 /* AgentContentAreaPlaceholder.swift in Sources */,
				DDC7B2D0F9F9EE32F34C6E50 /* AnthropicProvider.swift in Sources */,
				2AD00845F3B21FE5B9E889D8 /* AppDelegate.swift in Sources */,
				70AFCA9B244B5883A76AAFDD /* AppDependencies.swift in Sources */,
				FA1589FDC9601BA5E6F3F45E /* AssetID.swift in Sources */,
				FC517B7DB18C59B049A82069 /* AssetMetadata.swift in Sources */,
				B6073F8DB74AA5F749F722B7 /* AssetPage.swift in Sources */,
				87868EC390ABD532456FD050 /* ContentView.swift in Sources */,
				91D9269EB0D13A20ABFEF9DD /* CostEstimate.swift in Sources */,
				E47328A917FCCBF8EDCED0D8 /* CuratorApp.swift in Sources */,
				9A5DD7CF69E99C4C6ED9EE05 /* DomainError.swift in Sources */,
				3C8E6526CE63A13F90FCE0EB /* ErrorMapping.swift in Sources */,
				D8B6914133012464B2501EE4 /* GridColumnCalculator.swift in Sources */,
				2D3993EEF32C4592B411DAC2 /* InfrastructureError.swift in Sources */,
				8B550D3D9AA9B1EBCE30E637 /* LLMConfig.swift in Sources */,
				CCB89B3CBA4FB2CDA5546CC6 /* LLMConfigView.swift in Sources */,
				C0A58C7E6BF1390C61414A23 /* LLMGateway.swift in Sources */,
				21FBB781250C2846CDA8EAE7 /* LLMGatewayProtocol.swift in Sources */,
				28325A065E0F6FED98BA8E78 /* LLMModels.swift in Sources */,
				6CE6124ED71EA81078E578D3 /* LLMProvider.swift in Sources */,
				154B560636092CAACA56069C /* LLMResponse.swift in Sources */,
				56227ABEBCAC0AFCD5B23FC3 /* LibraryScanView.swift in Sources */,
				73F400B487313FD73D991029 /* LoadableState.swift in Sources */,
				DD9E5A48D35D6A2901812D7D /* LoadingState.swift in Sources */,
				F7C7C1C087B3BD79F5DFA2E6 /* MainWorkspaceView.swift in Sources */,
				3AC25D168B499CEA29C2F26C /* MockPhotoData.swift in Sources */,
				538CCC3B8CEF09C691F340E9 /* MockPhotoLibraryRepository.swift in Sources */,
				0E87C2295B8CB08A5C7FF149 /* NavigationModel.swift in Sources */,
				63CFA0BF1D00D3CE328479AE /* OnboardingContainerView.swift in Sources */,
				F1A5C88CFB63BC66A5F310126 /* LLMConfigView.swift in Sources */,
				E10588CFB63BC66A5F310125 /* OnboardingStep.swift in Sources */,
				70FBC304F01B2FD72847839F /* OnboardingViewModel.swift in Sources */,
				05EE461FA4B72355668FC78F /* PHAssetMapper.swift in Sources */,
				D04C89EBB6C6E0D1404059A6 /* PermissionDeniedView.swift in Sources */,
				041965E1C5B3F1C72E37782C /* PermissionLevel.swift in Sources */,
				25FD02641FCB3AB07D9ACBDA /* PermissionRequestView.swift in Sources */,
				08D9900260C0894105AE1EED /* PhotoAsset.swift in Sources */,
				76E5904A66BF7B6F6E73B814 /* PhotoDetailSheet.swift in Sources */,
				CC08573A92BEC523F46BA74B /* PhotoGridView.swift in Sources */,
				D6ACD6969995804958855D25 /* PhotoKitRepository.swift in Sources */,
				157D6A2EA916256B31F50EA2 /* PhotoLibraryRepository.swift in Sources */,
				3D4415B80191086C8FCD4CF4 /* PhotoLibraryViewModel.swift in Sources */,
				2D03CE5E0DBAB8173301F098 /* PhotoPermissionManager.swift in Sources */,
				D6CBC731E84BEEA764FF73E7 /* PhotoPredicate.swift in Sources */,
				DF01175178B2BBC2DA98D2E6 /* PhotoThumbnailView.swift in Sources */,
				BE194D8FEFCFFFA05C1D7908 /* PrivacyExplanationView.swift in Sources */,
				97E389BFD83B42CA7A79CE56 /* LLMConfig.swift in Sources */,
				370122E402F4EAF3CB8D006E /* SettingsPlaceholderView.swift in Sources */,
				783F7E05281023BBD2B1964E /* UserFacingError.swift in Sources */,
				8755F073855E03FD452E371D /* WelcomeView.swift in Sources */,
			);
			runOnlyForDeploymentPostprocessing = 0;
		};
		9A6316AD95E303D60B6D171D /* Sources */ = {
			isa = PBXSourcesBuildPhase;
			buildActionMask = 2147483647;
			files = (
				D591930CBE417B9B2081F663 /* BuildConfigurationTests.swift in Sources */,
				9ED593709A0F90D3D77FF41A /* CoreModelsTests.swift in Sources */,
				43ECD450140FACEADDE0BCE1 /* DependencyInjectionTests.swift in Sources */,
				43A816CDD6B2AACB4FC460E6 /* DirectoryStructureTests.swift in Sources */,
				2C3FB939716EE7D17DF3C58D /* EntitlementsTests.swift in Sources */,
				7ED47CF5BD06BF31958CCE2B /* ErrorTypeTests.swift in Sources */,
				4E6CB8DF677895750A4CD17B /* GridColumnCalculatorTests.swift in Sources */,
				AABB102949E2CB8B8F157A2C /* LLMConfigTests.swift in Sources */,
				4602A3B7A1ACE6F1FC7ECB55 /* LLMGatewayTests.swift in Sources */,
				3737B73955230CF08AAD6F19 /* MainWorkspaceTests.swift in Sources */,
				D6DC9E646F19FB36CAAB7AA5 /* OnboardingViewModelTests.swift in Sources */,
				BD60076556DD688488C94A42 /* PHAssetMapperTests.swift in Sources */,
				B7178D0AA633AF0FC65764AB /* PhotoKitRepositoryTests.swift in Sources */,
				44603D9D6542570C93701DB7 /* PhotoLibraryViewModelTests.swift in Sources */,
				43392B97CDD6E33CAA0E8BB2 /* PhotoPermissionManagerTests.swift in Sources */,
				409582296F95E2DC61DCE1FA /* LLMConfigTests.swift in Sources */,
				AA3DF9A01E0988DDF6EFAC85 /* SPMDependencyTests.swift in Sources */,
			);
			runOnlyForDeploymentPostprocessing = 0;
		};
/* End PBXSourcesBuildPhase section */

/* Begin PBXTargetDependency section */
		6B05C585DFB8D4319ADCE512 /* PBXTargetDependency */ = {
			isa = PBXTargetDependency;
			target = C85223C35CFCEAAA60E22090 /* Curator */;
			targetProxy = 4C0A004F6D861D503954400B /* PBXContainerItemProxy */;
		};
		FF5556C573625CA873EC56B8 /* PBXTargetDependency */ = {
			isa = PBXTargetDependency;
			target = C85223C35CFCEAAA60E22090 /* Curator */;
			targetProxy = C584014CF0CEE47CF7062214 /* PBXContainerItemProxy */;
		};
/* End PBXTargetDependency section */

/* Begin XCBuildConfiguration section */
		2683C5EEDF277BA0BBD71052 /* Debug */ = {
			isa = XCBuildConfiguration;
			buildSettings = {
				ALWAYS_SEARCH_USER_PATHS = NO;
				ARCHS = arm64;
				CLANG_ANALYZER_NONNULL = YES;
				CLANG_ANALYZER_NUMBER_OBJECT_CONVERSION = YES_AGGRESSIVE;
				CLANG_CXX_LANGUAGE_STANDARD = "gnu++14";
				CLANG_CXX_LIBRARY = "libc++";
				CLANG_ENABLE_MODULES = YES;
				CLANG_ENABLE_OBJC_ARC = YES;
				CLANG_ENABLE_OBJC_WEAK = YES;
				CLANG_WARN_BLOCK_CAPTURE_AUTORELEASING = YES;
				CLANG_WARN_BOOL_CONVERSION = YES;
				CLANG_WARN_COMMA = YES;
				CLANG_WARN_CONSTANT_CONVERSION = YES;
				CLANG_WARN_DEPRECATED_OBJC_IMPLEMENTATIONS = YES;
				CLANG_WARN_DIRECT_OBJC_ISA_USAGE = YES_ERROR;
				CLANG_WARN_DOCUMENTATION_COMMENTS = YES;
				CLANG_WARN_EMPTY_BODY = YES;
				CLANG_WARN_ENUM_CONVERSION = YES;
				CLANG_WARN_INFINITE_RECURSION = YES;
				CLANG_WARN_INT_CONVERSION = YES;
				CLANG_WARN_NON_LITERAL_NULL_CONVERSION = YES;
				CLANG_WARN_OBJC_IMPLICIT_RETAIN_SELF = YES;
				CLANG_WARN_OBJC_LITERAL_CONVERSION = YES;
				CLANG_WARN_OBJC_ROOT_CLASS = YES_ERROR;
				CLANG_WARN_QUOTED_INCLUDE_IN_FRAMEWORK_HEADER = YES;
				CLANG_WARN_RANGE_LOOP_ANALYSIS = YES;
				CLANG_WARN_STRICT_PROTOTYPES = YES;
				CLANG_WARN_SUSPICIOUS_MOVE = YES;
				CLANG_WARN_UNGUARDED_AVAILABILITY = YES_AGGRESSIVE;
				CLANG_WARN_UNREACHABLE_CODE = YES;
				CLANG_WARN__DUPLICATE_METHOD_MATCH = YES;
				CODE_SIGN_IDENTITY = "-";
				COPY_PHASE_STRIP = NO;
				DEBUG_INFORMATION_FORMAT = dwarf;
				ENABLE_STRICT_OBJC_MSGSEND = YES;
				ENABLE_TESTABILITY = YES;
				GCC_C_LANGUAGE_STANDARD = gnu11;
				GCC_DYNAMIC_NO_PIC = NO;
				GCC_NO_COMMON_BLOCKS = YES;
				GCC_OPTIMIZATION_LEVEL = 0;
				GCC_PREPROCESSOR_DEFINITIONS = (
					"$(inherited)",
					"DEBUG=1",
				);
				GCC_WARN_64_TO_32_BIT_CONVERSION = YES;
				GCC_WARN_ABOUT_RETURN_TYPE = YES_ERROR;
				GCC_WARN_UNDECLARED_SELECTOR = YES;
				GCC_WARN_UNINITIALIZED_AUTOS = YES_AGGRESSIVE;
				GCC_WARN_UNUSED_FUNCTION = YES;
				GCC_WARN_UNUSED_VARIABLE = YES;
				MACOSX_DEPLOYMENT_TARGET = 15.0;
				MTL_ENABLE_DEBUG_INFO = INCLUDE_SOURCE;
				MTL_FAST_MATH = YES;
				ONLY_ACTIVE_ARCH = YES;
				PRODUCT_NAME = "$(TARGET_NAME)";
				SDKROOT = macosx;
				SWIFT_ACTIVE_COMPILATION_CONDITIONS = DEBUG;
				SWIFT_OPTIMIZATION_LEVEL = "-Onone";
				SWIFT_STRICT_CONCURRENCY = complete;
				SWIFT_VERSION = 6;
			};
			name = Debug;
		};
		2FAC88B295AA3106ACC996CA /* Debug */ = {
			isa = XCBuildConfiguration;
			buildSettings = {
				ARCHS = arm64;
				BUNDLE_LOADER = "$(TEST_HOST)";
				CODE_SIGN_ENTITLEMENTS = Curator/CuratorTestsHost.entitlements;
				COMBINE_HIDPI_IMAGES = YES;
				GENERATE_INFOPLIST_FILE = YES;
				LD_RUNPATH_SEARCH_PATHS = (
					"$(inherited)",
					"@executable_path/../Frameworks",
					"@loader_path/../Frameworks",
				);
				PRODUCT_BUNDLE_IDENTIFIER = com.nick.CuratorTests;
				SDKROOT = macosx;
				TEST_HOST = "$(BUILT_PRODUCTS_DIR)/Curator.app/Contents/MacOS/Curator";
			};
			name = Debug;
		};
		4C55C0E71236FB7195EFF2FB /* Debug */ = {
			isa = XCBuildConfiguration;
			buildSettings = {
				ARCHS = arm64;
				BUNDLE_LOADER = "$(TEST_HOST)";
				COMBINE_HIDPI_IMAGES = YES;
				GENERATE_INFOPLIST_FILE = YES;
				LD_RUNPATH_SEARCH_PATHS = (
					"$(inherited)",
					"@executable_path/Frameworks",
					"@loader_path/Frameworks",
				);
				PRODUCT_BUNDLE_IDENTIFIER = com.nick.CuratorUITests;
				SDKROOT = macosx;
				TEST_TARGET_NAME = Curator;
			};
			name = Debug;
		};
		6F0081CAB77EDB8D31192C04 /* Release */ = {
			isa = XCBuildConfiguration;
			buildSettings = {
				ARCHS = arm64;
				BUNDLE_LOADER = "$(TEST_HOST)";
				COMBINE_HIDPI_IMAGES = YES;
				GENERATE_INFOPLIST_FILE = YES;
				LD_RUNPATH_SEARCH_PATHS = (
					"$(inherited)",
					"@executable_path/Frameworks",
					"@loader_path/Frameworks",
				);
				PRODUCT_BUNDLE_IDENTIFIER = com.nick.CuratorUITests;
				SDKROOT = macosx;
				TEST_TARGET_NAME = Curator;
			};
			name = Release;
		};
		94F869EFA20C1437E1D37385 /* Debug */ = {
			isa = XCBuildConfiguration;
			buildSettings = {
				ARCHS = arm64;
				ASSETCATALOG_COMPILER_APPICON_NAME = AppIcon;
				CODE_SIGN_ENTITLEMENTS = Curator/Curator.entitlements;
				COMBINE_HIDPI_IMAGES = YES;
				ENABLE_PREVIEWS = YES;
				GENERATE_INFOPLIST_FILE = NO;
				INFOPLIST_FILE = Curator/Info.plist;
				LD_RUNPATH_SEARCH_PATHS = (
					"$(inherited)",
					"@executable_path/../Frameworks",
				);
				PRODUCT_BUNDLE_IDENTIFIER = com.nick.Curator;
				SDKROOT = macosx;
				SWIFT_STRICT_CONCURRENCY = complete;
			};
			name = Debug;
		};
		B6DE7B2133886D778B633A2A /* Release */ = {
			isa = XCBuildConfiguration;
			buildSettings = {
				ARCHS = arm64;
				BUNDLE_LOADER = "$(TEST_HOST)";
				CODE_SIGN_ENTITLEMENTS = Curator/CuratorTestsHost.entitlements;
				COMBINE_HIDPI_IMAGES = YES;
				GENERATE_INFOPLIST_FILE = YES;
				LD_RUNPATH_SEARCH_PATHS = (
					"$(inherited)",
					"@executable_path/../Frameworks",
					"@loader_path/../Frameworks",
				);
				PRODUCT_BUNDLE_IDENTIFIER = com.nick.CuratorTests;
				SDKROOT = macosx;
				TEST_HOST = "$(BUILT_PRODUCTS_DIR)/Curator.app/Contents/MacOS/Curator";
			};
			name = Release;
		};
		BD60A147D560FCAEF750F400 /* Release */ = {
			isa = XCBuildConfiguration;
			buildSettings = {
				ALWAYS_SEARCH_USER_PATHS = NO;
				ARCHS = arm64;
				CLANG_ANALYZER_NONNULL = YES;
				CLANG_ANALYZER_NUMBER_OBJECT_CONVERSION = YES_AGGRESSIVE;
				CLANG_CXX_LANGUAGE_STANDARD = "gnu++14";
				CLANG_CXX_LIBRARY = "libc++";
				CLANG_ENABLE_MODULES = YES;
				CLANG_ENABLE_OBJC_ARC = YES;
				CLANG_ENABLE_OBJC_WEAK = YES;
				CLANG_WARN_BLOCK_CAPTURE_AUTORELEASING = YES;
				CLANG_WARN_BOOL_CONVERSION = YES;
				CLANG_WARN_COMMA = YES;
				CLANG_WARN_CONSTANT_CONVERSION = YES;
				CLANG_WARN_DEPRECATED_OBJC_IMPLEMENTATIONS = YES;
				CLANG_WARN_DIRECT_OBJC_ISA_USAGE = YES_ERROR;
				CLANG_WARN_DOCUMENTATION_COMMENTS = YES;
				CLANG_WARN_EMPTY_BODY = YES;
				CLANG_WARN_ENUM_CONVERSION = YES;
				CLANG_WARN_INFINITE_RECURSION = YES;
				CLANG_WARN_INT_CONVERSION = YES;
				CLANG_WARN_NON_LITERAL_NULL_CONVERSION = YES;
				CLANG_WARN_OBJC_IMPLICIT_RETAIN_SELF = YES;
				CLANG_WARN_OBJC_LITERAL_CONVERSION = YES;
				CLANG_WARN_OBJC_ROOT_CLASS = YES_ERROR;
				CLANG_WARN_QUOTED_INCLUDE_IN_FRAMEWORK_HEADER = YES;
				CLANG_WARN_RANGE_LOOP_ANALYSIS = YES;
				CLANG_WARN_STRICT_PROTOTYPES = YES;
				CLANG_WARN_SUSPICIOUS_MOVE = YES;
				CLANG_WARN_UNGUARDED_AVAILABILITY = YES_AGGRESSIVE;
				CLANG_WARN_UNREACHABLE_CODE = YES;
				CLANG_WARN__DUPLICATE_METHOD_MATCH = YES;
				CODE_SIGN_IDENTITY = "-";
				COPY_PHASE_STRIP = NO;
				DEBUG_INFORMATION_FORMAT = "dwarf-with-dsym";
				ENABLE_NS_ASSERTIONS = NO;
				ENABLE_STRICT_OBJC_MSGSEND = YES;
				GCC_C_LANGUAGE_STANDARD = gnu11;
				GCC_NO_COMMON_BLOCKS = YES;
				GCC_WARN_64_TO_32_BIT_CONVERSION = YES;
				GCC_WARN_ABOUT_RETURN_TYPE = YES_ERROR;
				GCC_WARN_UNDECLARED_SELECTOR = YES;
				GCC_WARN_UNINITIALIZED_AUTOS = YES_AGGRESSIVE;
				GCC_WARN_UNUSED_FUNCTION = YES;
				GCC_WARN_UNUSED_VARIABLE = YES;
				MACOSX_DEPLOYMENT_TARGET = 15.0;
				MTL_ENABLE_DEBUG_INFO = NO;
				MTL_FAST_MATH = YES;
				ONLY_ACTIVE_ARCH = YES;
				PRODUCT_NAME = "$(TARGET_NAME)";
				SDKROOT = macosx;
				SWIFT_COMPILATION_MODE = wholemodule;
				SWIFT_OPTIMIZATION_LEVEL = "-O";
				SWIFT_STRICT_CONCURRENCY = complete;
				SWIFT_VERSION = 6;
			};
			name = Release;
		};
		D495B1ADED5310EE8A353673 /* Release */ = {
			isa = XCBuildConfiguration;
			buildSettings = {
				ARCHS = arm64;
				ASSETCATALOG_COMPILER_APPICON_NAME = AppIcon;
				CODE_SIGN_ENTITLEMENTS = Curator/Curator.entitlements;
				COMBINE_HIDPI_IMAGES = YES;
				ENABLE_PREVIEWS = YES;
				GENERATE_INFOPLIST_FILE = NO;
				INFOPLIST_FILE = Curator/Info.plist;
				LD_RUNPATH_SEARCH_PATHS = (
					"$(inherited)",
					"@executable_path/../Frameworks",
				);
				PRODUCT_BUNDLE_IDENTIFIER = com.nick.Curator;
				SDKROOT = macosx;
				SWIFT_STRICT_CONCURRENCY = complete;
			};
			name = Release;
		};
/* End XCBuildConfiguration section */

/* Begin XCConfigurationList section */
		7E5F8E9ADB8970C96C90C500 /* Build configuration list for PBXProject "Curator" */ = {
			isa = XCConfigurationList;
			buildConfigurations = (
				2683C5EEDF277BA0BBD71052 /* Debug */,
				BD60A147D560FCAEF750F400 /* Release */,
			);
			defaultConfigurationIsVisible = 0;
			defaultConfigurationName = Debug;
		};
		D6770D495F2BD757020E57CF /* Build configuration list for PBXNativeTarget "Curator" */ = {
			isa = XCConfigurationList;
			buildConfigurations = (
				94F869EFA20C1437E1D37385 /* Debug */,
				D495B1ADED5310EE8A353673 /* Release */,
			);
			defaultConfigurationIsVisible = 0;
			defaultConfigurationName = Debug;
		};
		ECAA940C99500ACF81950CCF /* Build configuration list for PBXNativeTarget "CuratorUITests" */ = {
			isa = XCConfigurationList;
			buildConfigurations = (
				4C55C0E71236FB7195EFF2FB /* Debug */,
				6F0081CAB77EDB8D31192C04 /* Release */,
			);
			defaultConfigurationIsVisible = 0;
			defaultConfigurationName = Debug;
		};
		ED1A4C7E41BAE827EBB4AB1E /* Build configuration list for PBXNativeTarget "CuratorTests" */ = {
			isa = XCConfigurationList;
			buildConfigurations = (
				2FAC88B295AA3106ACC996CA /* Debug */,
				B6DE7B2133886D778B633A2A /* Release */,
			);
			defaultConfigurationIsVisible = 0;
			defaultConfigurationName = Debug;
		};
/* End XCConfigurationList section */

/* Begin XCRemoteSwiftPackageReference section */
		276F3F08C6ADC65D4AB5DDEA /* XCRemoteSwiftPackageReference "Sparkle" */ = {
			isa = XCRemoteSwiftPackageReference;
			repositoryURL = "https://github.com/sparkle-project/Sparkle";
			requirement = {
				kind = upToNextMajorVersion;
				minimumVersion = 2.0.0;
			};
		};
		E967754AC4D6BA00C50C2447 /* XCRemoteSwiftPackageReference "open-agent-sdk-swift" */ = {
			isa = XCRemoteSwiftPackageReference;
			repositoryURL = "https://github.com/terryso/open-agent-sdk-swift";
			requirement = {
				branch = main;
				kind = branch;
			};
		};
/* End XCRemoteSwiftPackageReference section */

/* Begin XCSwiftPackageProductDependency section */
		B3881076E83BDB3B85432BDC /* OpenAgentSDK */ = {
			isa = XCSwiftPackageProductDependency;
			package = E967754AC4D6BA00C50C2447 /* XCRemoteSwiftPackageReference "open-agent-sdk-swift" */;
			productName = OpenAgentSDK;
		};
		B8335BFA6303B9CD2F75C292 /* Sparkle */ = {
			isa = XCSwiftPackageProductDependency;
			package = 276F3F08C6ADC65D4AB5DDEA /* XCRemoteSwiftPackageReference "Sparkle" */;
			productName = Sparkle;
		};
/* End XCSwiftPackageProductDependency section */
	};
	rootObject = 83FBA2E622C6BDA4A68B8486 /* Project object */;
}
